// !$*UTF8*$!
{
	archiveVersion = 1;
	classes = {
	};
	objectVersion = 50;
	objects = {

/* Begin PBXBuildFile section */
		750BC3AC220D0C9D001C1949 /* AppDelegate.swift in Sources */ = {isa = PBXBuildFile; fileRef = 750BC3AB220D0C9D001C1949 /* AppDelegate.swift */; };
		750BC3AE220D0C9D001C1949 /* ToDoListViewController.swift in Sources */ = {isa = PBXBuildFile; fileRef = 750BC3AD220D0C9D001C1949 /* ToDoListViewController.swift */; };
		750BC3B1220D0C9D001C1949 /* Main.storyboard in Resources */ = {isa = PBXBuildFile; fileRef = 750BC3AF220D0C9D001C1949 /* Main.storyboard */; };
		750BC3B3220D0CA2001C1949 /* Assets.xcassets in Resources */ = {isa = PBXBuildFile; fileRef = 750BC3B2220D0CA2001C1949 /* Assets.xcassets */; };
		750BC3B6220D0CA2001C1949 /* LaunchScreen.storyboard in Resources */ = {isa = PBXBuildFile; fileRef = 750BC3B4220D0CA2001C1949 /* LaunchScreen.storyboard */; };
		752C96B02210BBA1004E3A98 /* Item.swift in Sources */ = {isa = PBXBuildFile; fileRef = 752C96AF2210BBA1004E3A98 /* Item.swift */; };
		752C96B22210BBB1004E3A98 /* Category.swift in Sources */ = {isa = PBXBuildFile; fileRef = 752C96B12210BBB1004E3A98 /* Category.swift */; };
		752C96B4221130DC004E3A98 /* SwipeTableViewController.swift in Sources */ = {isa = PBXBuildFile; fileRef = 752C96B3221130DC004E3A98 /* SwipeTableViewController.swift */; };
		7546BC4A220F651100FCE5F1 /* CategoryTableViewController.swift in Sources */ = {isa = PBXBuildFile; fileRef = 7546BC49220F651100FCE5F1 /* CategoryTableViewController.swift */; };
		A9658D9BA6E3DEACAC3EFDBF /* Pods_TodoList.framework in Frameworks */ = {isa = PBXBuildFile; fileRef = 7380826646BB754DD72C28D8 /* Pods_TodoList.framework */; };
/* End PBXBuildFile section */

/* Begin PBXFileReference section */
		1B181DF2C21453FD2FB2AE11 /* Pods-TodoList.debug.xcconfig */ = {isa = PBXFileReference; includeInIndex = 1; lastKnownFileType = text.xcconfig; name = "Pods-TodoList.debug.xcconfig"; path = "Pods/Target Support Files/Pods-TodoList/Pods-TodoList.debug.xcconfig"; sourceTree = "<group>"; };
		7380826646BB754DD72C28D8 /* Pods_TodoList.framework */ = {isa = PBXFileReference; explicitFileType = wrapper.framework; includeInIndex = 0; path = Pods_TodoList.framework; sourceTree = BUILT_PRODUCTS_DIR; };
		750BC3A8220D0C9D001C1949 /* TodoList.app */ = {isa = PBXFileReference; explicitFileType = wrapper.application; includeInIndex = 0; path = TodoList.app; sourceTree = BUILT_PRODUCTS_DIR; };
		750BC3AB220D0C9D001C1949 /* AppDelegate.swift */ = {isa = PBXFileReference; lastKnownFileType = sourcecode.swift; path = AppDelegate.swift; sourceTree = "<group>"; };
		750BC3AD220D0C9D001C1949 /* ToDoListViewController.swift */ = {isa = PBXFileReference; lastKnownFileType = sourcecode.swift; path = ToDoListViewController.swift; sourceTree = "<group>"; };
		750BC3B0220D0C9D001C1949 /* Base */ = {isa = PBXFileReference; lastKnownFileType = file.storyboard; name = Base; path = Base.lproj/Main.storyboard; sourceTree = "<group>"; };
		750BC3B2220D0CA2001C1949 /* Assets.xcassets */ = {isa = PBXFileReference; lastKnownFileType = folder.assetcatalog; path = Assets.xcassets; sourceTree = "<group>"; };
		750BC3B5220D0CA2001C1949 /* Base */ = {isa = PBXFileReference; lastKnownFileType = file.storyboard; name = Base; path = Base.lproj/LaunchScreen.storyboard; sourceTree = "<group>"; };
		750BC3B7220D0CA2001C1949 /* Info.plist */ = {isa = PBXFileReference; lastKnownFileType = text.plist.xml; path = Info.plist; sourceTree = "<group>"; };
		752C96AF2210BBA1004E3A98 /* Item.swift */ = {isa = PBXFileReference; lastKnownFileType = sourcecode.swift; path = Item.swift; sourceTree = "<group>"; };
		752C96B12210BBB1004E3A98 /* Category.swift */ = {isa = PBXFileReference; lastKnownFileType = sourcecode.swift; path = Category.swift; sourceTree = "<group>"; };
		752C96B3221130DC004E3A98 /* SwipeTableViewController.swift */ = {isa = PBXFileReference; lastKnownFileType = sourcecode.swift; path = SwipeTableViewController.swift; sourceTree = "<group>"; };
		7546BC49220F651100FCE5F1 /* CategoryTableViewController.swift */ = {isa = PBXFileReference; lastKnownFileType = sourcecode.swift; path = CategoryTableViewController.swift; sourceTree = "<group>"; };
		A3BC0BA069E375AC047C9724 /* Pods-TodoList.release.xcconfig */ = {isa = PBXFileReference; includeInIndex = 1; lastKnownFileType = text.xcconfig; name = "Pods-TodoList.release.xcconfig"; path = "Pods/Target Support Files/Pods-TodoList/Pods-TodoList.release.xcconfig"; sourceTree = "<group>"; };
/* End PBXFileReference section */

/* Begin PBXFrameworksBuildPhase section */
		750BC3A5220D0C9D001C1949 /* Frameworks */ = {
			isa = PBXFrameworksBuildPhase;
			buildActionMask = 2147483647;
			files = (
				A9658D9BA6E3DEACAC3EFDBF /* Pods_TodoList.framework in Frameworks */,
			);
			runOnlyForDeploymentPostprocessing = 0;
		};
/* End PBXFrameworksBuildPhase section */

/* Begin PBXGroup section */
		750BC39F220D0C9D001C1949 = {
			isa = PBXGroup;
			children = (
				750BC3AA220D0C9D001C1949 /* TodoList */,
				750BC3A9220D0C9D001C1949 /* Products */,
				92FD9A454A061F6DAB93AC2B /* Pods */,
				D71021737801937D016EDE7E /* Frameworks */,
			);
			sourceTree = "<group>";
		};
		750BC3A9220D0C9D001C1949 /* Products */ = {
			isa = PBXGroup;
			children = (
				750BC3A8220D0C9D001C1949 /* TodoList.app */,
			);
			name = Products;
			sourceTree = "<group>";
		};
		750BC3AA220D0C9D001C1949 /* TodoList */ = {
			isa = PBXGroup;
			children = (
				750BC3B7220D0CA2001C1949 /* Info.plist */,
				750BC3AB220D0C9D001C1949 /* AppDelegate.swift */,
				750BC3C0220D2FCE001C1949 /* View */,
				7546BC48220F641200FCE5F1 /* Support */,
				750BC3C1220D2FEA001C1949 /* Controller */,
				750BC3BF220D2FBB001C1949 /* Model */,
			);
			path = TodoList;
			sourceTree = "<group>";
		};
		750BC3BF220D2FBB001C1949 /* Model */ = {
			isa = PBXGroup;
			children = (
				752C96B12210BBB1004E3A98 /* Category.swift */,
				752C96AF2210BBA1004E3A98 /* Item.swift */,
			);
			path = Model;
			sourceTree = "<group>";
		};
		750BC3C0220D2FCE001C1949 /* View */ = {
			isa = PBXGroup;
			children = (
				750BC3AF220D0C9D001C1949 /* Main.storyboard */,
				750BC3B4220D0CA2001C1949 /* LaunchScreen.storyboard */,
			);
			path = View;
			sourceTree = "<group>";
		};
		750BC3C1220D2FEA001C1949 /* Controller */ = {
			isa = PBXGroup;
			children = (
				7546BC49220F651100FCE5F1 /* CategoryTableViewController.swift */,
				750BC3AD220D0C9D001C1949 /* ToDoListViewController.swift */,
				752C96B3221130DC004E3A98 /* SwipeTableViewController.swift */,
			);
			path = Controller;
			sourceTree = "<group>";
		};
		7546BC48220F641200FCE5F1 /* Support */ = {
			isa = PBXGroup;
			children = (
				750BC3B2220D0CA2001C1949 /* Assets.xcassets */,
			);
			path = Support;
			sourceTree = "<group>";
		};
		92FD9A454A061F6DAB93AC2B /* Pods */ = {
			isa = PBXGroup;
			children = (
				1B181DF2C21453FD2FB2AE11 /* Pods-TodoList.debug.xcconfig */,
				A3BC0BA069E375AC047C9724 /* Pods-TodoList.release.xcconfig */,
			);
			name = Pods;
			sourceTree = "<group>";
		};
		D71021737801937D016EDE7E /* Frameworks */ = {
			isa = PBXGroup;
			children = (
				7380826646BB754DD72C28D8 /* Pods_TodoList.framework */,
			);
			name = Frameworks;
			sourceTree = "<group>";
		};
/* End PBXGroup section */

/* Begin PBXNativeTarget section */
		750BC3A7220D0C9D001C1949 /* TodoList */ = {
			isa = PBXNativeTarget;
			buildConfigurationList = 750BC3BA220D0CA2001C1949 /* Build configuration list for PBXNativeTarget "TodoList" */;
			buildPhases = (
				78B1BF3E253EDB96AFEBB802 /* [CP] Check Pods Manifest.lock */,
				750BC3A4220D0C9D001C1949 /* Sources */,
				750BC3A5220D0C9D001C1949 /* Frameworks */,
				750BC3A6220D0C9D001C1949 /* Resources */,
				038EF8DECC77EFB12B776E04 /* [CP] Embed Pods Frameworks */,
			);
			buildRules = (
			);
			dependencies = (
			);
			name = TodoList;
			productName = TodoList;
			productReference = 750BC3A8220D0C9D001C1949 /* TodoList.app */;
			productType = "com.apple.product-type.application";
		};
/* End PBXNativeTarget section */

/* Begin PBXProject section */
		750BC3A0220D0C9D001C1949 /* Project object */ = {
			isa = PBXProject;
			attributes = {
				LastSwiftUpdateCheck = 1010;
				LastUpgradeCheck = 1010;
				ORGANIZATIONNAME = "Bradley Yin";
				TargetAttributes = {
					750BC3A7220D0C9D001C1949 = {
						CreatedOnToolsVersion = 10.1;
					};
				};
			};
			buildConfigurationList = 750BC3A3220D0C9D001C1949 /* Build configuration list for PBXProject "TodoList" */;
			compatibilityVersion = "Xcode 9.3";
			developmentRegion = en;
			hasScannedForEncodings = 0;
			knownRegions = (
				en,
				Base,
			);
			mainGroup = 750BC39F220D0C9D001C1949;
			productRefGroup = 750BC3A9220D0C9D001C1949 /* Products */;
			projectDirPath = "";
			projectRoot = "";
			targets = (
				750BC3A7220D0C9D001C1949 /* TodoList */,
			);
		};
/* End PBXProject section */

/* Begin PBXResourcesBuildPhase section */
		750BC3A6220D0C9D001C1949 /* Resources */ = {
			isa = PBXResourcesBuildPhase;
			buildActionMask = 2147483647;
			files = (
				750BC3B6220D0CA2001C1949 /* LaunchScreen.storyboard in Resources */,
				750BC3B3220D0CA2001C1949 /* Assets.xcassets in Resources */,
				750BC3B1220D0C9D001C1949 /* Main.storyboard in Resources */,
			);
			runOnlyForDeploymentPostprocessing = 0;
		};
/* End PBXResourcesBuildPhase section */

/* Begin PBXShellScriptBuildPhase section */
		038EF8DECC77EFB12B776E04 /* [CP] Embed Pods Frameworks */ = {
			isa = PBXShellScriptBuildPhase;
			buildActionMask = 2147483647;
			files = (
			);
			inputFileListPaths = (
			);
			inputPaths = (
				"${SRCROOT}/Pods/Target Support Files/Pods-TodoList/Pods-TodoList-frameworks.sh",
				"${BUILT_PRODUCTS_DIR}/ChameleonFramework/ChameleonFramework.framework",
				"${BUILT_PRODUCTS_DIR}/Realm/Realm.framework",
				"${BUILT_PRODUCTS_DIR}/RealmSwift/RealmSwift.framework",
				"${BUILT_PRODUCTS_DIR}/SwipeCellKit/SwipeCellKit.framework",
			);
			name = "[CP] Embed Pods Frameworks";
			outputFileListPaths = (
			);
			outputPaths = (
				"${TARGET_BUILD_DIR}/${FRAMEWORKS_FOLDER_PATH}/ChameleonFramework.framework",
				"${TARGET_BUILD_DIR}/${FRAMEWORKS_FOLDER_PATH}/Realm.framework",
				"${TARGET_BUILD_DIR}/${FRAMEWORKS_FOLDER_PATH}/RealmSwift.framework",
				"${TARGET_BUILD_DIR}/${FRAMEWORKS_FOLDER_PATH}/SwipeCellKit.framework",
			);
			runOnlyForDeploymentPostprocessing = 0;
			shellPath = /bin/sh;
			shellScript = "\"${SRCROOT}/Pods/Target Support Files/Pods-TodoList/Pods-TodoList-frameworks.sh\"\n";
			showEnvVarsInLog = 0;
		};
		78B1BF3E253EDB96AFEBB802 /* [CP] Check Pods Manifest.lock */ = {
			isa = PBXShellScriptBuildPhase;
			buildActionMask = 2147483647;
			files = (
			);
			inputFileListPaths = (
			);
			inputPaths = (
				"${PODS_PODFILE_DIR_PATH}/Podfile.lock",
				"${PODS_ROOT}/Manifest.lock",
			);
			name = "[CP] Check Pods Manifest.lock";
			outputFileListPaths = (
			);
			outputPaths = (
				"$(DERIVED_FILE_DIR)/Pods-TodoList-checkManifestLockResult.txt",
			);
			runOnlyForDeploymentPostprocessing = 0;
			shellPath = /bin/sh;
			shellScript = "diff \"${PODS_PODFILE_DIR_PATH}/Podfile.lock\" \"${PODS_ROOT}/Manifest.lock\" > /dev/null\nif [ $? != 0 ] ; then\n    # print error to STDERR\n    echo \"error: The sandbox is not in sync with the Podfile.lock. Run 'pod install' or update your CocoaPods installation.\" >&2\n    exit 1\nfi\n# This output is used by Xcode 'outputs' to avoid re-running this script phase.\necho \"SUCCESS\" > \"${SCRIPT_OUTPUT_FILE_0}\"\n";
			showEnvVarsInLog = 0;
		};
/* End PBXShellScriptBuildPhase section */

/* Begin PBXSourcesBuildPhase section */
		750BC3A4220D0C9D001C1949 /* Sources */ = {
			isa = PBXSourcesBuildPhase;
			buildActionMask = 2147483647;
			files = (
				752C96B02210BBA1004E3A98 /* Item.swift in Sources */,
				750BC3AE220D0C9D001C1949 /* ToDoListViewController.swift in Sources */,
				750BC3AC220D0C9D001C1949 /* AppDelegate.swift in Sources */,
				7546BC4A220F651100FCE5F1 /* CategoryTableViewController.swift in Sources */,
				752C96B4221130DC004E3A98 /* SwipeTableViewController.swift in Sources */,
				752C96B22210BBB1004E3A98 /* Category.swift in Sources */,
			);
			runOnlyForDeploymentPostprocessing = 0;
		};
/* End PBXSourcesBuildPhase section */

/* Begin PBXVariantGroup section */
		750BC3AF220D0C9D001C1949 /* Main.storyboard */ = {
			isa = PBXVariantGroup;
			children = (
				750BC3B0220D0C9D001C1949 /* Base */,
			);
			name = Main.storyboard;
			sourceTree = "<group>";
		};
		750BC3B4220D0CA2001C1949 /* LaunchScreen.storyboard */ = {
			isa = PBXVariantGroup;
			children = (
				750BC3B5220D0CA2001C1949 /* Base */,
			);
			name = LaunchScreen.storyboard;
			sourceTree = "<group>";
		};
/* End PBXVariantGroup section */

/* Begin XCBuildConfiguration section */
		750BC3B8220D0CA2001C1949 /* Debug */ = {
			isa = XCBuildConfiguration;
			buildSettings = {
				ALWAYS_SEARCH_USER_PATHS = NO;
				CLANG_ANALYZER_NONNULL = YES;
				CLANG_ANALYZER_NUMBER_OBJECT_CONVERSION = YES_AGGRESSIVE;
				CLANG_CXX_LANGUAGE_STANDARD = "gnu++14";
				CLANG_CXX_LIBRARY = "libc++";
				CLANG_ENABLE_MODULES = YES;
				CLANG_ENABLE_OBJC_ARC = YES;
				CLANG_ENABLE_OBJC_WEAK = YES;
				CLANG_WARN_BLOCK_CAPTURE_AUTORELEASING = YES;
				CLANG_WARN_BOOL_CONVERSION = YES;
				CLANG_WARN_COMMA = YES;
				CLANG_WARN_CONSTANT_CONVERSION = YES;
				CLANG_WARN_DEPRECATED_OBJC_IMPLEMENTATIONS = YES;
				CLANG_WARN_DIRECT_OBJC_ISA_USAGE = YES_ERROR;
				CLANG_WARN_DOCUMENTATION_COMMENTS = YES;
				CLANG_WARN_EMPTY_BODY = YES;
				CLANG_WARN_ENUM_CONVERSION = YES;
				CLANG_WARN_INFINITE_RECURSION = YES;
				CLANG_WARN_INT_CONVERSION = YES;
				CLANG_WARN_NON_LITERAL_NULL_CONVERSION = YES;
				CLANG_WARN_OBJC_IMPLICIT_RETAIN_SELF = YES;
				CLANG_WARN_OBJC_LITERAL_CONVERSION = YES;
				CLANG_WARN_OBJC_ROOT_CLASS = YES_ERROR;
				CLANG_WARN_RANGE_LOOP_ANALYSIS = YES;
				CLANG_WARN_STRICT_PROTOTYPES = YES;
				CLANG_WARN_SUSPICIOUS_MOVE = YES;
				CLANG_WARN_UNGUARDED_AVAILABILITY = YES_AGGRESSIVE;
				CLANG_WARN_UNREACHABLE_CODE = YES;
				CLANG_WARN__DUPLICATE_METHOD_MATCH = YES;
				CODE_SIGN_IDENTITY = "iPhone Developer";
				COPY_PHASE_STRIP = NO;
				DEBUG_INFORMATION_FORMAT = dwarf;
				ENABLE_STRICT_OBJC_MSGSEND = YES;
				ENABLE_TESTABILITY = YES;
				GCC_C_LANGUAGE_STANDARD = gnu11;
				GCC_DYNAMIC_NO_PIC = NO;
				GCC_NO_COMMON_BLOCKS = YES;
				GCC_OPTIMIZATION_LEVEL = 0;
				GCC_PREPROCESSOR_DEFINITIONS = (
					"DEBUG=1",
					"$(inherited)",
				);
				GCC_WARN_64_TO_32_BIT_CONVERSION = YES;
				GCC_WARN_ABOUT_RETURN_TYPE = YES_ERROR;
				GCC_WARN_UNDECLARED_SELECTOR = YES;
				GCC_WARN_UNINITIALIZED_AUTOS = YES_AGGRESSIVE;
				GCC_WARN_UNUSED_FUNCTION = YES;
				GCC_WARN_UNUSED_VARIABLE = YES;
				IPHONEOS_DEPLOYMENT_TARGET = 12.1;
				MTL_ENABLE_DEBUG_INFO = INCLUDE_SOURCE;
				MTL_FAST_MATH = YES;
				ONLY_ACTIVE_ARCH = YES;
				SDKROOT = iphoneos;
				SWIFT_ACTIVE_COMPILATION_CONDITIONS = DEBUG;
				SWIFT_OPTIMIZATION_LEVEL = "-Onone";
			};
			name = Debug;
		};
		750BC3B9220D0CA2001C1949 /* Release */ = {
			isa = XCBuildConfiguration;
			buildSettings = {
				ALWAYS_SEARCH_USER_PATHS = NO;
				CLANG_ANALYZER_NONNULL = YES;
				CLANG_ANALYZER_NUMBER_OBJECT_CONVERSION = YES_AGGRESSIVE;
				CLANG_CXX_LANGUAGE_STANDARD = "gnu++14";
				CLANG_CXX_LIBRARY = "libc++";
				CLANG_ENABLE_MODULES = YES;
				CLANG_ENABLE_OBJC_ARC = YES;
				CLANG_ENABLE_OBJC_WEAK = YES;
				CLANG_WARN_BLOCK_CAPTURE_AUTORELEASING = YES;
				CLANG_WARN_BOOL_CONVERSION = YES;
				CLANG_WARN_COMMA = YES;
				CLANG_WARN_CONSTANT_CONVERSION = YES;
				CLANG_WARN_DEPRECATED_OBJC_IMPLEMENTATIONS = YES;
				CLANG_WARN_DIRECT_OBJC_ISA_USAGE = YES_ERROR;
				CLANG_WARN_DOCUMENTATION_COMMENTS = YES;
				CLANG_WARN_EMPTY_BODY = YES;
				CLANG_WARN_ENUM_CONVERSION = YES;
				CLANG_WARN_INFINITE_RECURSION = YES;
				CLANG_WARN_INT_CONVERSION = YES;
				CLANG_WARN_NON_LITERAL_NULL_CONVERSION = YES;
				CLANG_WARN_OBJC_IMPLICIT_RETAIN_SELF = YES;
				CLANG_WARN_OBJC_LITERAL_CONVERSION = YES;
				CLANG_WARN_OBJC_ROOT_CLASS = YES_ERROR;
				CLANG_WARN_RANGE_LOOP_ANALYSIS = YES;
				CLANG_WARN_STRICT_PROTOTYPES = YES;
				CLANG_WARN_SUSPICIOUS_MOVE = YES;
				CLANG_WARN_UNGUARDED_AVAILABILITY = YES_AGGRESSIVE;
				CLANG_WARN_UNREACHABLE_CODE = YES;
				CLANG_WARN__DUPLICATE_METHOD_MATCH = YES;
				CODE_SIGN_IDENTITY = "iPhone Developer";
				COPY_PHASE_STRIP = NO;
				DEBUG_INFORMATION_FORMAT = "dwarf-with-dsym";
				ENABLE_NS_ASSERTIONS = NO;
				ENABLE_STRICT_OBJC_MSGSEND = YES;
				GCC_C_LANGUAGE_STANDARD = gnu11;
				GCC_NO_COMMON_BLOCKS = YES;
				GCC_WARN_64_TO_32_BIT_CONVERSION = YES;
				GCC_WARN_ABOUT_RETURN_TYPE = YES_ERROR;
				GCC_WARN_UNDECLARED_SELECTOR = YES;
				GCC_WARN_UNINITIALIZED_AUTOS = YES_AGGRESSIVE;
				GCC_WARN_UNUSED_FUNCTION = YES;
				GCC_WARN_UNUSED_VARIABLE = YES;
				IPHONEOS_DEPLOYMENT_TARGET = 12.1;
				MTL_ENABLE_DEBUG_INFO = NO;
				MTL_FAST_MATH = YES;
				SDKROOT = iphoneos;
				SWIFT_COMPILATION_MODE = wholemodule;
				SWIFT_OPTIMIZATION_LEVEL = "-O";
				VALIDATE_PRODUCT = YES;
			};
			name = Release;
		};
		750BC3BB220D0CA2001C1949 /* Debug */ = {
			isa = XCBuildConfiguration;
			baseConfigurationReference = 1B181DF2C21453FD2FB2AE11 /* Pods-TodoList.debug.xcconfig */;
			buildSettings = {
				ASSETCATALOG_COMPILER_APPICON_NAME = AppIcon;
				CODE_SIGN_STYLE = Automatic;
				DEVELOPMENT_TEAM = "";
				INFOPLIST_FILE = TodoList/Info.plist;
				LD_RUNPATH_SEARCH_PATHS = (
					"$(inherited)",
					"@executable_path/Frameworks",
				);
				PRODUCT_BUNDLE_IDENTIFIER = com.bradleyyin.TodoList;
				PRODUCT_NAME = "$(TARGET_NAME)";
				SWIFT_VERSION = 4.2;
				TARGETED_DEVICE_FAMILY = "1,2";
			};
			name = Debug;
		};
		750BC3BC220D0CA2001C1949 /* Release */ = {
			isa = XCBuildConfiguration;
			baseConfigurationReference = A3BC0BA069E375AC047C9724 /* Pods-TodoList.release.xcconfig */;
			buildSettings = {
				ASSETCATALOG_COMPILER_APPICON_NAME = AppIcon;
				CODE_SIGN_STYLE = Automatic;
				DEVELOPMENT_TEAM = "";
				INFOPLIST_FILE = TodoList/Info.plist;
				LD_RUNPATH_SEARCH_PATHS = (
					"$(inherited)",
					"@executable_path/Frameworks",
				);
				PRODUCT_BUNDLE_IDENTIFIER = com.bradleyyin.TodoList;
				PRODUCT_NAME = "$(TARGET_NAME)";
				SWIFT_VERSION = 4.2;
				TARGETED_DEVICE_FAMILY = "1,2";
			};
			name = Release;
		};
/* End XCBuildConfiguration section */

/* Begin XCConfigurationList section */
		750BC3A3220D0C9D001C1949 /* Build configuration list for PBXProject "TodoList" */ = {
			isa = XCConfigurationList;
			buildConfigurations = (
				750BC3B8220D0CA2001C1949 /* Debug */,
				750BC3B9220D0CA2001C1949 /* Release */,
			);
			defaultConfigurationIsVisible = 0;
			defaultConfigurationName = Release;
		};
		750BC3BA220D0CA2001C1949 /* Build configuration list for PBXNativeTarget "TodoList" */ = {
			isa = XCConfigurationList;
			buildConfigurations = (
				750BC3BB220D0CA2001C1949 /* Debug */,
				750BC3BC220D0CA2001C1949 /* Release */,
			);
			defaultConfigurationIsVisible = 0;
			defaultConfigurationName = Release;
		};
/* End XCConfigurationList section */
	};
	rootObject = 750BC3A0220D0C9D001C1949 /* Project object */;
}
